Microsoft Visual Studio Solution File, Format Version 12.00
# Visual Studio Version 17
VisualStudioVersion = 17.5.2.0
MinimumVisualStudioVersion = 10.0.40219.1
Project("{FAE04EC0-301F-11D3-BF4B-00C04F79EFBC}") = "Ej4_semana9", "Ej4_semana9.csproj", "{ACC0AB3E-580F-E13F-450A-C07EBCAE012D}"
EndProject
Global
	GlobalSection(SolutionConfigurationPlatforms) = preSolution
		Debug|Any CPU = Debug|Any CPU
		Release|Any CPU = Release|Any CPU
	EndGlobalSection
	GlobalSection(ProjectConfigurationPlatforms) = postSolution
		{ACC0AB3E-580F-E13F-450A-C07EBCAE012D}.Debug|Any CPU.ActiveCfg = Debug|Any CPU
		{ACC0AB3E-580F-E13F-450A-C07EBCAE012D}.Debug|Any CPU.Build.0 = Debug|Any CPU
		{ACC0AB3E-580F-E13F-450A-C07EBCAE012D}.Release|Any CPU.ActiveCfg = Release|Any CPU
		{ACC0AB3E-580F-E13F-450A-C07EBCAE012D}.Release|Any CPU.Build.0 = Release|Any CPU
	EndGlobalSection
	GlobalSection(SolutionProperties) = preSolution
		HideSolutionNode = FALSE
	EndGlobalSection
	GlobalSection(ExtensibilityGlobals) = postSolution
		SolutionGuid = {34D0F7D8-80BD-4792-A3F6-A55972E8E929}
	EndGlobalSection
EndGlobal
